PODS:
  - Anchorage (4.2.2)
  - Crashlytics (3.10.1):
    - Fabric (~> 1.7.5)
  - Fabric (1.7.6)
  - GRDB.swift (2.10.0)
  - LocoKit (5.2.0):
    - LocoKit/Base (= 5.2.0)
  - LocoKit/Base (5.2.0):
    - LocoKitCore (= 5.2.0)
    - Upsurge (~> 0.10)
  - LocoKit/LocalStore (5.2.0):
    - GRDB.swift (~> 2.10)
    - LocoKit/Base
  - LocoKitCore (5.2.0)
  - SwiftNotes (1.1.0)
  - Upsurge (0.10.2)

DEPENDENCIES:
  - Anchorage
  - Crashlytics
  - Fabric
  - LocoKit
  - LocoKit/LocalStore
  - SwiftNotes

SPEC REPOS:
  https://github.com/CocoaPods/Specs.git:
    - Anchorage
    - Crashlytics
    - Fabric
    - GRDB.swift
    - LocoKit
    - LocoKitCore
    - SwiftNotes
    - Upsurge

SPEC CHECKSUMS:
  Anchorage: cba8707ea6475f604e04047882ba47c07e4b2ac1
  Crashlytics: aee1a064cbbf99b32efa3f056a5f458d846bc8ff
  Fabric: f8d42c893bb187326a7968b62abe55c36a987a46
  GRDB.swift: 9859cab1b990eac62ee550d3d2208ec1b44f76af
  LocoKit: 196b61a7095abd3df43b3543b3e45c87e6b08e63
  LocoKitCore: 98d8eab0dd9694015e0ba32777f6f50e1f4bb337
  SwiftNotes: 51d71568d7515c5c82aa791b88900cf8059b8beb
  Upsurge: 5866beadc3da27f91c5df4ac795deb3f3238d678

PODFILE CHECKSUM: 29ab42a9e3ef069965f0a70a740392b77019d825

COCOAPODS: 1.5.0
