PODS:
  - ArcKit (4.1.0.pre.4):
    - ArcKitCore (= 4.1.0.pre.4)
  - ArcKitCore (4.1.0.pre.4)
  - Cartography (3.0.1)
  - SwiftNotes (1.1.0)

DEPENDENCIES:
  - ArcKit (= 4.1.0.pre.4)
  - Cartography
  - SwiftNotes

SPEC CHECKSUMS:
  ArcKit: 1a0514e11107e51035f55de335eead868cc43d60
  ArcKitCore: 572c8491b39f3da82c0df792b3ca2a31eb98fa85
  Cartography: f8c899bb0f5cf20758644a8eea59a75e98a03a5d
  SwiftNotes: 51d71568d7515c5c82aa791b88900cf8059b8beb

PODFILE CHECKSUM: 1e17ac503d9cc09a73d2aa02644077cc426d8743

COCOAPODS: 1.3.1
