PODS:
  - ArcKit (5.0.0.pre.4):
    - ArcKit/Base (= 5.0.0.pre.4)
  - ArcKit/Base (5.0.0.pre.4):
    - ArcKitCore (= 5.0.0.pre.2)
    - ReachabilitySwift (~> 4.1)
    - Upsurge (~> 0.10)
  - ArcKit/LocalStore (5.0.0.pre.4):
    - ArcKit/Base
    - GRDB.swift (~> 2.8)
  - ArcKitCore (5.0.0.pre.2)
  - Cartography (3.0.1)
  - Crashlytics (3.9.3):
    - Fabric (~> 1.7.2)
  - Fabric (1.7.2)
  - GRDB.swift (2.8.0)
  - ReachabilitySwift (4.1.0)
  - SwiftNotes (1.1.0)
  - Upsurge (0.10.0)

DEPENDENCIES:
  - ArcKit (~> 5.0.0.pre)
  - ArcKit/LocalStore (~> 5.0.0.pre)
  - Cartography
  - Crashlytics
  - Fabric
  - SwiftNotes

SPEC CHECKSUMS:
  ArcKit: 84586dc00c36e2dd080336e535dd76282e03b597
  ArcKitCore: d2010bf45d12dac215552011c586dda7beef3aa6
  Cartography: f8c899bb0f5cf20758644a8eea59a75e98a03a5d
  Crashlytics: dbb07d01876c171c5ccbdf7826410380189e452c
  Fabric: 9cd6a848efcf1b8b07497e0b6a2e7d336353ba15
  GRDB.swift: 7456b5a8503d150ec0ef6aaf5ade45996565a779
  ReachabilitySwift: 6849231cd4e06559f3b9ef4a97a0a0f96d41e09f
  SwiftNotes: 51d71568d7515c5c82aa791b88900cf8059b8beb
  Upsurge: 07095027bbabc0d5c15b61616421eb87018852fa

PODFILE CHECKSUM: b4737539e5795a5491fe74eeda62094acb0d8e63

COCOAPODS: 1.4.0
