// !$*UTF8*$!
{
	archiveVersion = 1;
	classes = {
	};
	objectVersion = 46;
	objects = {

/* Begin PBXBuildFile section */
		6CEEBA77AB545A262DBEC1DB /* Pods_ArcKit_Demo_App.framework in Frameworks */ = {isa = PBXBuildFile; fileRef = 8ADE405D96DF172351942B3A /* Pods_ArcKit_Demo_App.framework */; };
		C91CAF4B1F8B88A300416418 /* SettingsView.swift in Sources */ = {isa = PBXBuildFile; fileRef = C91CAF4A1F8B88A300416418 /* SettingsView.swift */; };
		C95644241F5EAABF00E9F428 /* Array.helpers.swift in Sources */ = {isa = PBXBuildFile; fileRef = C95644231F5EAABF00E9F428 /* Array.helpers.swift */; };
		C96981A71F3605860021238C /* ToggleBox.swift in Sources */ = {isa = PBXBuildFile; fileRef = C96981A61F3605860021238C /* ToggleBox.swift */; };
		C96981A91F360ADF0021238C /* String.helpers.swift in Sources */ = {isa = PBXBuildFile; fileRef = C96981A81F360ADF0021238C /* String.helpers.swift */; };
		C96B3C3E1F35EB590089854F /* UIStackView.helpers.swift in Sources */ = {isa = PBXBuildFile; fileRef = C96B3C3D1F35EB590089854F /* UIStackView.helpers.swift */; };
		C9A023D91F18A50D00DFFEBD /* CoreLocation.helpers.swift in Sources */ = {isa = PBXBuildFile; fileRef = C9A023D41F18A50D00DFFEBD /* CoreLocation.helpers.swift */; };
		C9A023DA1F18A50D00DFFEBD /* PathPolyline.swift in Sources */ = {isa = PBXBuildFile; fileRef = C9A023D51F18A50D00DFFEBD /* PathPolyline.swift */; };
		C9A023DB1F18A50D00DFFEBD /* VisitAnnotation.swift in Sources */ = {isa = PBXBuildFile; fileRef = C9A023D61F18A50D00DFFEBD /* VisitAnnotation.swift */; };
		C9A023DC1F18A50D00DFFEBD /* VisitAnnotationView.swift in Sources */ = {isa = PBXBuildFile; fileRef = C9A023D71F18A50D00DFFEBD /* VisitAnnotationView.swift */; };
		C9A023DD1F18A50D00DFFEBD /* VisitCircle.swift in Sources */ = {isa = PBXBuildFile; fileRef = C9A023D81F18A50D00DFFEBD /* VisitCircle.swift */; };
		C9FE56681F18A35500F941FE /* AppDelegate.swift in Sources */ = {isa = PBXBuildFile; fileRef = C9FE56671F18A35500F941FE /* AppDelegate.swift */; };
		C9FE566A1F18A35500F941FE /* ViewController.swift in Sources */ = {isa = PBXBuildFile; fileRef = C9FE56691F18A35500F941FE /* ViewController.swift */; };
		C9FE566F1F18A35500F941FE /* Assets.xcassets in Resources */ = {isa = PBXBuildFile; fileRef = C9FE566E1F18A35500F941FE /* Assets.xcassets */; };
		C9FE56721F18A35500F941FE /* LaunchScreen.storyboard in Resources */ = {isa = PBXBuildFile; fileRef = C9FE56701F18A35500F941FE /* LaunchScreen.storyboard */; };
/* End PBXBuildFile section */

/* Begin PBXCopyFilesBuildPhase section */
		C9650DB51F6BD02D00EDF791 /* Embed Frameworks */ = {
			isa = PBXCopyFilesBuildPhase;
			buildActionMask = 2147483647;
			dstPath = "";
			dstSubfolderSpec = 10;
			files = (
			);
			name = "Embed Frameworks";
			runOnlyForDeploymentPostprocessing = 0;
		};
/* End PBXCopyFilesBuildPhase section */

/* Begin PBXFileReference section */
		8ADE405D96DF172351942B3A /* Pods_ArcKit_Demo_App.framework */ = {isa = PBXFileReference; explicitFileType = wrapper.framework; includeInIndex = 0; path = Pods_ArcKit_Demo_App.framework; sourceTree = BUILT_PRODUCTS_DIR; };
		9D09140A3DB2FF40D0A7B469 /* Pods-ArcKit Demo App.debug.xcconfig */ = {isa = PBXFileReference; includeInIndex = 1; lastKnownFileType = text.xcconfig; name = "Pods-ArcKit Demo App.debug.xcconfig"; path = "Pods/Target Support Files/Pods-ArcKit Demo App/Pods-ArcKit Demo App.debug.xcconfig"; sourceTree = "<group>"; };
		C321DBC330016E56B038DACF /* Pods-ArcKit Demo App.release.xcconfig */ = {isa = PBXFileReference; includeInIndex = 1; lastKnownFileType = text.xcconfig; name = "Pods-ArcKit Demo App.release.xcconfig"; path = "Pods/Target Support Files/Pods-ArcKit Demo App/Pods-ArcKit Demo App.release.xcconfig"; sourceTree = "<group>"; };
		C91CAF4A1F8B88A300416418 /* SettingsView.swift */ = {isa = PBXFileReference; lastKnownFileType = sourcecode.swift; path = SettingsView.swift; sourceTree = "<group>"; };
		C95644231F5EAABF00E9F428 /* Array.helpers.swift */ = {isa = PBXFileReference; lastKnownFileType = sourcecode.swift; path = Array.helpers.swift; sourceTree = "<group>"; };
		C96981A61F3605860021238C /* ToggleBox.swift */ = {isa = PBXFileReference; fileEncoding = 4; lastKnownFileType = sourcecode.swift; path = ToggleBox.swift; sourceTree = "<group>"; };
		C96981A81F360ADF0021238C /* String.helpers.swift */ = {isa = PBXFileReference; fileEncoding = 4; lastKnownFileType = sourcecode.swift; path = String.helpers.swift; sourceTree = "<group>"; };
		C96B3C3D1F35EB590089854F /* UIStackView.helpers.swift */ = {isa = PBXFileReference; fileEncoding = 4; lastKnownFileType = sourcecode.swift; path = UIStackView.helpers.swift; sourceTree = "<group>"; };
		C9A023D41F18A50D00DFFEBD /* CoreLocation.helpers.swift */ = {isa = PBXFileReference; fileEncoding = 4; lastKnownFileType = sourcecode.swift; path = CoreLocation.helpers.swift; sourceTree = "<group>"; };
		C9A023D51F18A50D00DFFEBD /* PathPolyline.swift */ = {isa = PBXFileReference; fileEncoding = 4; lastKnownFileType = sourcecode.swift; path = PathPolyline.swift; sourceTree = "<group>"; };
		C9A023D61F18A50D00DFFEBD /* VisitAnnotation.swift */ = {isa = PBXFileReference; fileEncoding = 4; lastKnownFileType = sourcecode.swift; path = VisitAnnotation.swift; sourceTree = "<group>"; };
		C9A023D71F18A50D00DFFEBD /* VisitAnnotationView.swift */ = {isa = PBXFileReference; fileEncoding = 4; lastKnownFileType = sourcecode.swift; path = VisitAnnotationView.swift; sourceTree = "<group>"; };
		C9A023D81F18A50D00DFFEBD /* VisitCircle.swift */ = {isa = PBXFileReference; fileEncoding = 4; lastKnownFileType = sourcecode.swift; path = VisitCircle.swift; sourceTree = "<group>"; };
		C9FE56641F18A35500F941FE /* ArcKit Demo App.app */ = {isa = PBXFileReference; explicitFileType = wrapper.application; includeInIndex = 0; path = "ArcKit Demo App.app"; sourceTree = BUILT_PRODUCTS_DIR; };
		C9FE56671F18A35500F941FE /* AppDelegate.swift */ = {isa = PBXFileReference; lastKnownFileType = sourcecode.swift; path = AppDelegate.swift; sourceTree = "<group>"; };
		C9FE56691F18A35500F941FE /* ViewController.swift */ = {isa = PBXFileReference; lastKnownFileType = sourcecode.swift; path = ViewController.swift; sourceTree = "<group>"; };
		C9FE566E1F18A35500F941FE /* Assets.xcassets */ = {isa = PBXFileReference; lastKnownFileType = folder.assetcatalog; path = Assets.xcassets; sourceTree = "<group>"; };
		C9FE56711F18A35500F941FE /* Base */ = {isa = PBXFileReference; lastKnownFileType = file.storyboard; name = Base; path = Base.lproj/LaunchScreen.storyboard; sourceTree = "<group>"; };
		C9FE56731F18A35500F941FE /* Info.plist */ = {isa = PBXFileReference; lastKnownFileType = text.plist.xml; path = Info.plist; sourceTree = "<group>"; };
/* End PBXFileReference section */

/* Begin PBXFrameworksBuildPhase section */
		C9FE56611F18A35500F941FE /* Frameworks */ = {
			isa = PBXFrameworksBuildPhase;
			buildActionMask = 2147483647;
			files = (
				6CEEBA77AB545A262DBEC1DB /* Pods_ArcKit_Demo_App.framework in Frameworks */,
			);
			runOnlyForDeploymentPostprocessing = 0;
		};
/* End PBXFrameworksBuildPhase section */

/* Begin PBXGroup section */
		08E01CC06D1B5C63EFF90DA4 /* Frameworks */ = {
			isa = PBXGroup;
			children = (
				8ADE405D96DF172351942B3A /* Pods_ArcKit_Demo_App.framework */,
			);
			name = Frameworks;
			sourceTree = "<group>";
		};
		AC8391991FD403448C09FE98 /* Pods */ = {
			isa = PBXGroup;
			children = (
				9D09140A3DB2FF40D0A7B469 /* Pods-ArcKit Demo App.debug.xcconfig */,
				C321DBC330016E56B038DACF /* Pods-ArcKit Demo App.release.xcconfig */,
			);
			name = Pods;
			sourceTree = "<group>";
		};
		C96981AA1F360B160021238C /* Helpers */ = {
			isa = PBXGroup;
			children = (
				C95644231F5EAABF00E9F428 /* Array.helpers.swift */,
				C9A023D41F18A50D00DFFEBD /* CoreLocation.helpers.swift */,
				C96981A81F360ADF0021238C /* String.helpers.swift */,
				C96B3C3D1F35EB590089854F /* UIStackView.helpers.swift */,
			);
			name = Helpers;
			sourceTree = "<group>";
		};
		C9A023DE1F18A51900DFFEBD /* Views */ = {
			isa = PBXGroup;
			children = (
				C9A023D51F18A50D00DFFEBD /* PathPolyline.swift */,
				C96981A61F3605860021238C /* ToggleBox.swift */,
				C9A023D61F18A50D00DFFEBD /* VisitAnnotation.swift */,
				C9A023D71F18A50D00DFFEBD /* VisitAnnotationView.swift */,
				C9A023D81F18A50D00DFFEBD /* VisitCircle.swift */,
			);
			name = Views;
			sourceTree = "<group>";
		};
		C9FE565B1F18A35500F941FE = {
			isa = PBXGroup;
			children = (
				C9FE56661F18A35500F941FE /* ArcKit Demo App */,
				C9FE56651F18A35500F941FE /* Products */,
				AC8391991FD403448C09FE98 /* Pods */,
				08E01CC06D1B5C63EFF90DA4 /* Frameworks */,
			);
			sourceTree = "<group>";
		};
		C9FE56651F18A35500F941FE /* Products */ = {
			isa = PBXGroup;
			children = (
				C9FE56641F18A35500F941FE /* ArcKit Demo App.app */,
			);
			name = Products;
			sourceTree = "<group>";
		};
		C9FE56661F18A35500F941FE /* ArcKit Demo App */ = {
			isa = PBXGroup;
			children = (
				C9FE56671F18A35500F941FE /* AppDelegate.swift */,
				C9FE56691F18A35500F941FE /* ViewController.swift */,
				C91CAF4A1F8B88A300416418 /* SettingsView.swift */,
				C96981AA1F360B160021238C /* Helpers */,
				C9A023DE1F18A51900DFFEBD /* Views */,
				C9FE56731F18A35500F941FE /* Info.plist */,
				C9FE566E1F18A35500F941FE /* Assets.xcassets */,
				C9FE56701F18A35500F941FE /* LaunchScreen.storyboard */,
			);
			path = "ArcKit Demo App";
			sourceTree = "<group>";
		};
/* End PBXGroup section */

/* Begin PBXNativeTarget section */
		C9FE56631F18A35500F941FE /* ArcKit Demo App */ = {
			isa = PBXNativeTarget;
			buildConfigurationList = C9FE56761F18A35500F941FE /* Build configuration list for PBXNativeTarget "ArcKit Demo App" */;
			buildPhases = (
				0E6A0291254168344255F408 /* [CP] Check Pods Manifest.lock */,
				C9FE56601F18A35500F941FE /* Sources */,
				C9FE56611F18A35500F941FE /* Frameworks */,
				C9FE56621F18A35500F941FE /* Resources */,
				ED1FDDEF8FD69960ACDA7050 /* [CP] Embed Pods Frameworks */,
				66D824C2B384A5F690FB10C8 /* [CP] Copy Pods Resources */,
				C9650DB51F6BD02D00EDF791 /* Embed Frameworks */,
			);
			buildRules = (
			);
			dependencies = (
			);
			name = "ArcKit Demo App";
			productName = "ArcKit Demo App";
			productReference = C9FE56641F18A35500F941FE /* ArcKit Demo App.app */;
			productType = "com.apple.product-type.application";
		};
/* End PBXNativeTarget section */

/* Begin PBXProject section */
		C9FE565C1F18A35500F941FE /* Project object */ = {
			isa = PBXProject;
			attributes = {
				LastSwiftUpdateCheck = 0830;
				LastUpgradeCheck = 0900;
				ORGANIZATIONNAME = "Big Paua";
				TargetAttributes = {
					C9FE56631F18A35500F941FE = {
						CreatedOnToolsVersion = 8.3.3;
						DevelopmentTeam = U5N7VG8DUG;
						LastSwiftMigration = 0900;
						ProvisioningStyle = Automatic;
						SystemCapabilities = {
							com.apple.BackgroundModes = {
								enabled = 1;
							};
						};
					};
				};
			};
			buildConfigurationList = C9FE565F1F18A35500F941FE /* Build configuration list for PBXProject "ArcKit Demo App" */;
			compatibilityVersion = "Xcode 3.2";
			developmentRegion = English;
			hasScannedForEncodings = 0;
			knownRegions = (
				en,
				Base,
			);
			mainGroup = C9FE565B1F18A35500F941FE;
			productRefGroup = C9FE56651F18A35500F941FE /* Products */;
			projectDirPath = "";
			projectRoot = "";
			targets = (
				C9FE56631F18A35500F941FE /* ArcKit Demo App */,
			);
		};
/* End PBXProject section */

/* Begin PBXResourcesBuildPhase section */
		C9FE56621F18A35500F941FE /* Resources */ = {
			isa = PBXResourcesBuildPhase;
			buildActionMask = 2147483647;
			files = (
				C9FE56721F18A35500F941FE /* LaunchScreen.storyboard in Resources */,
				C9FE566F1F18A35500F941FE /* Assets.xcassets in Resources */,
			);
			runOnlyForDeploymentPostprocessing = 0;
		};
/* End PBXResourcesBuildPhase section */

/* Begin PBXShellScriptBuildPhase section */
		0E6A0291254168344255F408 /* [CP] Check Pods Manifest.lock */ = {
			isa = PBXShellScriptBuildPhase;
			buildActionMask = 2147483647;
			files = (
			);
			inputPaths = (
				"${PODS_PODFILE_DIR_PATH}/Podfile.lock",
				"${PODS_ROOT}/Manifest.lock",
			);
			name = "[CP] Check Pods Manifest.lock";
			outputPaths = (
				"$(DERIVED_FILE_DIR)/Pods-ArcKit Demo App-checkManifestLockResult.txt",
			);
			runOnlyForDeploymentPostprocessing = 0;
			shellPath = /bin/sh;
			shellScript = "diff \"${PODS_PODFILE_DIR_PATH}/Podfile.lock\" \"${PODS_ROOT}/Manifest.lock\" > /dev/null\nif [ $? != 0 ] ; then\n    # print error to STDERR\n    echo \"error: The sandbox is not in sync with the Podfile.lock. Run 'pod install' or update your CocoaPods installation.\" >&2\n    exit 1\nfi\n# This output is used by Xcode 'outputs' to avoid re-running this script phase.\necho \"SUCCESS\" > \"${SCRIPT_OUTPUT_FILE_0}\"\n";
			showEnvVarsInLog = 0;
		};
		66D824C2B384A5F690FB10C8 /* [CP] Copy Pods Resources */ = {
			isa = PBXShellScriptBuildPhase;
			buildActionMask = 2147483647;
			files = (
			);
			inputPaths = (
			);
			name = "[CP] Copy Pods Resources";
			outputPaths = (
			);
			runOnlyForDeploymentPostprocessing = 0;
			shellPath = /bin/sh;
			shellScript = "\"${SRCROOT}/Pods/Target Support Files/Pods-ArcKit Demo App/Pods-ArcKit Demo App-resources.sh\"\n";
			showEnvVarsInLog = 0;
		};
		ED1FDDEF8FD69960ACDA7050 /* [CP] Embed Pods Frameworks */ = {
			isa = PBXShellScriptBuildPhase;
			buildActionMask = 2147483647;
			files = (
			);
			inputPaths = (
				"${SRCROOT}/Pods/Target Support Files/Pods-ArcKit Demo App/Pods-ArcKit Demo App-frameworks.sh",
				"${BUILT_PRODUCTS_DIR}/ArcKit/ArcKit.framework",
				"${PODS_ROOT}/ArcKitCore/ArcKitCore.framework",
				"${BUILT_PRODUCTS_DIR}/Cartography/Cartography.framework",
				"${BUILT_PRODUCTS_DIR}/MGEvents/MGEvents.framework",
			);
			name = "[CP] Embed Pods Frameworks";
			outputPaths = (
				"${TARGET_BUILD_DIR}/${FRAMEWORKS_FOLDER_PATH}/ArcKit.framework",
				"${TARGET_BUILD_DIR}/${FRAMEWORKS_FOLDER_PATH}/ArcKitCore.framework",
				"${TARGET_BUILD_DIR}/${FRAMEWORKS_FOLDER_PATH}/Cartography.framework",
				"${TARGET_BUILD_DIR}/${FRAMEWORKS_FOLDER_PATH}/MGEvents.framework",
			);
			runOnlyForDeploymentPostprocessing = 0;
			shellPath = /bin/sh;
			shellScript = "\"${SRCROOT}/Pods/Target Support Files/Pods-ArcKit Demo App/Pods-ArcKit Demo App-frameworks.sh\"\n";
			showEnvVarsInLog = 0;
		};
/* End PBXShellScriptBuildPhase section */

/* Begin PBXSourcesBuildPhase section */
		C9FE56601F18A35500F941FE /* Sources */ = {
			isa = PBXSourcesBuildPhase;
			buildActionMask = 2147483647;
			files = (
				C91CAF4B1F8B88A300416418 /* SettingsView.swift in Sources */,
				C96981A71F3605860021238C /* ToggleBox.swift in Sources */,
				C95644241F5EAABF00E9F428 /* Array.helpers.swift in Sources */,
				C9A023DD1F18A50D00DFFEBD /* VisitCircle.swift in Sources */,
				C9FE566A1F18A35500F941FE /* ViewController.swift in Sources */,
				C96981A91F360ADF0021238C /* String.helpers.swift in Sources */,
				C9A023D91F18A50D00DFFEBD /* CoreLocation.helpers.swift in Sources */,
				C9A023DB1F18A50D00DFFEBD /* VisitAnnotation.swift in Sources */,
				C9A023DA1F18A50D00DFFEBD /* PathPolyline.swift in Sources */,
				C9FE56681F18A35500F941FE /* AppDelegate.swift in Sources */,
				C9A023DC1F18A50D00DFFEBD /* VisitAnnotationView.swift in Sources */,
				C96B3C3E1F35EB590089854F /* UIStackView.helpers.swift in Sources */,
			);
			runOnlyForDeploymentPostprocessing = 0;
		};
/* End PBXSourcesBuildPhase section */

/* Begin PBXVariantGroup section */
		C9FE56701F18A35500F941FE /* LaunchScreen.storyboard */ = {
			isa = PBXVariantGroup;
			children = (
				C9FE56711F18A35500F941FE /* Base */,
			);
			name = LaunchScreen.storyboard;
			sourceTree = "<group>";
		};
/* End PBXVariantGroup section */

/* Begin XCBuildConfiguration section */
		C9FE56741F18A35500F941FE /* Debug */ = {
			isa = XCBuildConfiguration;
			buildSettings = {
				ALWAYS_SEARCH_USER_PATHS = NO;
				CLANG_ANALYZER_NONNULL = YES;
				CLANG_ANALYZER_NUMBER_OBJECT_CONVERSION = YES_AGGRESSIVE;
				CLANG_CXX_LANGUAGE_STANDARD = "gnu++0x";
				CLANG_CXX_LIBRARY = "libc++";
				CLANG_ENABLE_MODULES = YES;
				CLANG_ENABLE_OBJC_ARC = YES;
				CLANG_WARN_BLOCK_CAPTURE_AUTORELEASING = YES;
				CLANG_WARN_BOOL_CONVERSION = YES;
				CLANG_WARN_COMMA = YES;
				CLANG_WARN_CONSTANT_CONVERSION = YES;
				CLANG_WARN_DIRECT_OBJC_ISA_USAGE = YES_ERROR;
				CLANG_WARN_DOCUMENTATION_COMMENTS = YES;
				CLANG_WARN_EMPTY_BODY = YES;
				CLANG_WARN_ENUM_CONVERSION = YES;
				CLANG_WARN_INFINITE_RECURSION = YES;
				CLANG_WARN_INT_CONVERSION = YES;
				CLANG_WARN_NON_LITERAL_NULL_CONVERSION = YES;
				CLANG_WARN_OBJC_LITERAL_CONVERSION = YES;
				CLANG_WARN_OBJC_ROOT_CLASS = YES_ERROR;
				CLANG_WARN_RANGE_LOOP_ANALYSIS = YES;
				CLANG_WARN_STRICT_PROTOTYPES = YES;
				CLANG_WARN_SUSPICIOUS_MOVE = YES;
				CLANG_WARN_UNREACHABLE_CODE = YES;
				CLANG_WARN__DUPLICATE_METHOD_MATCH = YES;
				"CODE_SIGN_IDENTITY[sdk=iphoneos*]" = "iPhone Developer";
				COPY_PHASE_STRIP = NO;
				DEBUG_INFORMATION_FORMAT = dwarf;
				ENABLE_STRICT_OBJC_MSGSEND = YES;
				ENABLE_TESTABILITY = YES;
				GCC_C_LANGUAGE_STANDARD = gnu99;
				GCC_DYNAMIC_NO_PIC = NO;
				GCC_NO_COMMON_BLOCKS = YES;
				GCC_OPTIMIZATION_LEVEL = 0;
				GCC_PREPROCESSOR_DEFINITIONS = (
					"DEBUG=1",
					"$(inherited)",
				);
				GCC_WARN_64_TO_32_BIT_CONVERSION = YES;
				GCC_WARN_ABOUT_RETURN_TYPE = YES_ERROR;
				GCC_WARN_UNDECLARED_SELECTOR = YES;
				GCC_WARN_UNINITIALIZED_AUTOS = YES_AGGRESSIVE;
				GCC_WARN_UNUSED_FUNCTION = YES;
				GCC_WARN_UNUSED_VARIABLE = YES;
				IPHONEOS_DEPLOYMENT_TARGET = 10.3;
				MTL_ENABLE_DEBUG_INFO = YES;
				ONLY_ACTIVE_ARCH = YES;
				SDKROOT = iphoneos;
				SWIFT_ACTIVE_COMPILATION_CONDITIONS = DEBUG;
				SWIFT_OPTIMIZATION_LEVEL = "-Onone";
			};
			name = Debug;
		};
		C9FE56751F18A35500F941FE /* Release */ = {
			isa = XCBuildConfiguration;
			buildSettings = {
				ALWAYS_SEARCH_USER_PATHS = NO;
				CLANG_ANALYZER_NONNULL = YES;
				CLANG_ANALYZER_NUMBER_OBJECT_CONVERSION = YES_AGGRESSIVE;
				CLANG_CXX_LANGUAGE_STANDARD = "gnu++0x";
				CLANG_CXX_LIBRARY = "libc++";
				CLANG_ENABLE_MODULES = YES;
				CLANG_ENABLE_OBJC_ARC = YES;
				CLANG_WARN_BLOCK_CAPTURE_AUTORELEASING = YES;
				CLANG_WARN_BOOL_CONVERSION = YES;
				CLANG_WARN_COMMA = YES;
				CLANG_WARN_CONSTANT_CONVERSION = YES;
				CLANG_WARN_DIRECT_OBJC_ISA_USAGE = YES_ERROR;
				CLANG_WARN_DOCUMENTATION_COMMENTS = YES;
				CLANG_WARN_EMPTY_BODY = YES;
				CLANG_WARN_ENUM_CONVERSION = YES;
				CLANG_WARN_INFINITE_RECURSION = YES;
				CLANG_WARN_INT_CONVERSION = YES;
				CLANG_WARN_NON_LITERAL_NULL_CONVERSION = YES;
				CLANG_WARN_OBJC_LITERAL_CONVERSION = YES;
				CLANG_WARN_OBJC_ROOT_CLASS = YES_ERROR;
				CLANG_WARN_RANGE_LOOP_ANALYSIS = YES;
				CLANG_WARN_STRICT_PROTOTYPES = YES;
				CLANG_WARN_SUSPICIOUS_MOVE = YES;
				CLANG_WARN_UNREACHABLE_CODE = YES;
				CLANG_WARN__DUPLICATE_METHOD_MATCH = YES;
				"CODE_SIGN_IDENTITY[sdk=iphoneos*]" = "iPhone Developer";
				COPY_PHASE_STRIP = NO;
				DEBUG_INFORMATION_FORMAT = "dwarf-with-dsym";
				ENABLE_NS_ASSERTIONS = NO;
				ENABLE_STRICT_OBJC_MSGSEND = YES;
				GCC_C_LANGUAGE_STANDARD = gnu99;
				GCC_NO_COMMON_BLOCKS = YES;
				GCC_WARN_64_TO_32_BIT_CONVERSION = YES;
				GCC_WARN_ABOUT_RETURN_TYPE = YES_ERROR;
				GCC_WARN_UNDECLARED_SELECTOR = YES;
				GCC_WARN_UNINITIALIZED_AUTOS = YES_AGGRESSIVE;
				GCC_WARN_UNUSED_FUNCTION = YES;
				GCC_WARN_UNUSED_VARIABLE = YES;
				IPHONEOS_DEPLOYMENT_TARGET = 10.3;
				MTL_ENABLE_DEBUG_INFO = NO;
				SDKROOT = iphoneos;
				SWIFT_OPTIMIZATION_LEVEL = "-Owholemodule";
				VALIDATE_PRODUCT = YES;
			};
			name = Release;
		};
		C9FE56771F18A35500F941FE /* Debug */ = {
			isa = XCBuildConfiguration;
			baseConfigurationReference = 9D09140A3DB2FF40D0A7B469 /* Pods-ArcKit Demo App.debug.xcconfig */;
			buildSettings = {
				ASSETCATALOG_COMPILER_APPICON_NAME = AppIcon;
				DEVELOPMENT_TEAM = U5N7VG8DUG;
				FRAMEWORK_SEARCH_PATHS = (
					"$(inherited)",
					"$(PROJECT_DIR)",
				);
				INFOPLIST_FILE = "ArcKit Demo App/Info.plist";
				LD_RUNPATH_SEARCH_PATHS = "$(inherited) @executable_path/Frameworks";
				PRODUCT_BUNDLE_IDENTIFIER = "com.bigpaua.ArcKit-Demo-App";
				PRODUCT_NAME = "$(TARGET_NAME)";
				SWIFT_SWIFT3_OBJC_INFERENCE = Off;
				SWIFT_VERSION = 4.0;
			};
			name = Debug;
		};
		C9FE56781F18A35500F941FE /* Release */ = {
			isa = XCBuildConfiguration;
			baseConfigurationReference = C321DBC330016E56B038DACF /* Pods-ArcKit Demo App.release.xcconfig */;
			buildSettings = {
				ASSETCATALOG_COMPILER_APPICON_NAME = AppIcon;
				DEVELOPMENT_TEAM = U5N7VG8DUG;
				FRAMEWORK_SEARCH_PATHS = (
					"$(inherited)",
					"$(PROJECT_DIR)",
				);
				INFOPLIST_FILE = "ArcKit Demo App/Info.plist";
				LD_RUNPATH_SEARCH_PATHS = "$(inherited) @executable_path/Frameworks";
				PRODUCT_BUNDLE_IDENTIFIER = "com.bigpaua.ArcKit-Demo-App";
				PRODUCT_NAME = "$(TARGET_NAME)";
				SWIFT_SWIFT3_OBJC_INFERENCE = Off;
				SWIFT_VERSION = 4.0;
			};
			name = Release;
		};
/* End XCBuildConfiguration section */

/* Begin XCConfigurationList section */
		C9FE565F1F18A35500F941FE /* Build configuration list for PBXProject "ArcKit Demo App" */ = {
			isa = XCConfigurationList;
			buildConfigurations = (
				C9FE56741F18A35500F941FE /* Debug */,
				C9FE56751F18A35500F941FE /* Release */,
			);
			defaultConfigurationIsVisible = 0;
			defaultConfigurationName = Release;
		};
		C9FE56761F18A35500F941FE /* Build configuration list for PBXNativeTarget "ArcKit Demo App" */ = {
			isa = XCConfigurationList;
			buildConfigurations = (
				C9FE56771F18A35500F941FE /* Debug */,
				C9FE56781F18A35500F941FE /* Release */,
			);
			defaultConfigurationIsVisible = 0;
			defaultConfigurationName = Release;
		};
/* End XCConfigurationList section */
	};
	rootObject = C9FE565C1F18A35500F941FE /* Project object */;
}
